github.com/danielfdickinson/hugo-dfd-demo-site-theme v0.0.0-20211024071933-4cb90d6358a2 h1:EIzwTnv4+x83EQ0FTCFNNsqwvWmsYaNuOaJEjPgCOH0=
github.com/danielfdickinson/hugo-dfd-demo-site-theme v0.0.0-20211024071933-4cb90d6358a2/go.mod h1:h4mAffRc9lbTWAvWo+Ymr1nIQ8OtjOETJ+ifsE/TR0k=
github.com/danielfdickinson/hugo-dfd-metadata-central v0.0.0-20211022192728-d6b4ec370120 h1:vEeFUp0eivZIDOWhVz7Tms0XZxdlHM7Si7BXWUjTlEU=
github.com/danielfdickinson/hugo-dfd-metadata-central v0.0.0-20211022192728-d6b4ec370120/go.mod h1:uygtPWTIMU1oCMsQnJ/FR/WKU1XblxqKa4mscGUX4fw=
